// !$*UTF8*$!
{
	archiveVersion = 1;
	classes = {
	};
	objectVersion = 50;
	objects = {

/* Begin PBXBuildFile section */
		3714680B20FDE59D0062DAF6 /* AppDelegate.swift in Sources */ = {isa = PBXBuildFile; fileRef = 3714680A20FDE59D0062DAF6 /* AppDelegate.swift */; };
		3714680D20FDE59D0062DAF6 /* ViewController.swift in Sources */ = {isa = PBXBuildFile; fileRef = 3714680C20FDE59D0062DAF6 /* ViewController.swift */; };
		3714681020FDE59D0062DAF6 /* Main.storyboard in Resources */ = {isa = PBXBuildFile; fileRef = 3714680E20FDE59D0062DAF6 /* Main.storyboard */; };
		3714681220FDE59E0062DAF6 /* Assets.xcassets in Resources */ = {isa = PBXBuildFile; fileRef = 3714681120FDE59E0062DAF6 /* Assets.xcassets */; };
		3714681520FDE59E0062DAF6 /* LaunchScreen.storyboard in Resources */ = {isa = PBXBuildFile; fileRef = 3714681320FDE59E0062DAF6 /* LaunchScreen.storyboard */; };
		3714681F20FDEBF80062DAF6 /* raceDataCell.swift in Sources */ = {isa = PBXBuildFile; fileRef = 3714681D20FDEBF80062DAF6 /* raceDataCell.swift */; };
		3714682020FDEBF80062DAF6 /* raceDataCell.xib in Resources */ = {isa = PBXBuildFile; fileRef = 3714681E20FDEBF80062DAF6 /* raceDataCell.xib */; };
		3714682320FDEC280062DAF6 /* raceDataViewController.swift in Sources */ = {isa = PBXBuildFile; fileRef = 3714682120FDEC280062DAF6 /* raceDataViewController.swift */; };
		3714682420FDEC280062DAF6 /* raceDataViewController.xib in Resources */ = {isa = PBXBuildFile; fileRef = 3714682220FDEC280062DAF6 /* raceDataViewController.xib */; };
/* End PBXBuildFile section */

/* Begin PBXFileReference section */
		3714680720FDE59D0062DAF6 /* Tipping-App-PushToNext.app */ = {isa = PBXFileReference; explicitFileType = wrapper.application; includeInIndex = 0; path = "Tipping-App-PushToNext.app"; sourceTree = BUILT_PRODUCTS_DIR; };
		3714680A20FDE59D0062DAF6 /* AppDelegate.swift */ = {isa = PBXFileReference; lastKnownFileType = sourcecode.swift; path = AppDelegate.swift; sourceTree = "<group>"; };
		3714680C20FDE59D0062DAF6 /* ViewController.swift */ = {isa = PBXFileReference; lastKnownFileType = sourcecode.swift; path = ViewController.swift; sourceTree = "<group>"; };
		3714680F20FDE59D0062DAF6 /* Base */ = {isa = PBXFileReference; lastKnownFileType = file.storyboard; name = Base; path = Base.lproj/Main.storyboard; sourceTree = "<group>"; };
		3714681120FDE59E0062DAF6 /* Assets.xcassets */ = {isa = PBXFileReference; lastKnownFileType = folder.assetcatalog; path = Assets.xcassets; sourceTree = "<group>"; };
		3714681420FDE59E0062DAF6 /* Base */ = {isa = PBXFileReference; lastKnownFileType = file.storyboard; name = Base; path = Base.lproj/LaunchScreen.storyboard; sourceTree = "<group>"; };
		3714681620FDE59E0062DAF6 /* Info.plist */ = {isa = PBXFileReference; lastKnownFileType = text.plist.xml; path = Info.plist; sourceTree = "<group>"; };
		3714681D20FDEBF80062DAF6 /* raceDataCell.swift */ = {isa = PBXFileReference; lastKnownFileType = sourcecode.swift; path = raceDataCell.swift; sourceTree = "<group>"; };
		3714681E20FDEBF80062DAF6 /* raceDataCell.xib */ = {isa = PBXFileReference; lastKnownFileType = file.xib; path = raceDataCell.xib; sourceTree = "<group>"; };
		3714682120FDEC280062DAF6 /* raceDataViewController.swift */ = {isa = PBXFileReference; lastKnownFileType = sourcecode.swift; path = raceDataViewController.swift; sourceTree = "<group>"; };
		3714682220FDEC280062DAF6 /* raceDataViewController.xib */ = {isa = PBXFileReference; lastKnownFileType = file.xib; path = raceDataViewController.xib; sourceTree = "<group>"; };
/* End PBXFileReference section */

/* Begin PBXFrameworksBuildPhase section */
		3714680420FDE59D0062DAF6 /* Frameworks */ = {
			isa = PBXFrameworksBuildPhase;
			buildActionMask = 2147483647;
			files = (
			);
			runOnlyForDeploymentPostprocessing = 0;
		};
/* End PBXFrameworksBuildPhase section */

/* Begin PBXGroup section */
		371467FE20FDE59D0062DAF6 = {
			isa = PBXGroup;
			children = (
				3714680920FDE59D0062DAF6 /* Tipping-App-PushToNext */,
				3714680820FDE59D0062DAF6 /* Products */,
			);
			sourceTree = "<group>";
		};
		3714680820FDE59D0062DAF6 /* Products */ = {
			isa = PBXGroup;
			children = (
				3714680720FDE59D0062DAF6 /* Tipping-App-PushToNext.app */,
			);
			name = Products;
			sourceTree = "<group>";
		};
		3714680920FDE59D0062DAF6 /* Tipping-App-PushToNext */ = {
			isa = PBXGroup;
			children = (
				3714681C20FDEB510062DAF6 /* RaceVC */,
				3714680A20FDE59D0062DAF6 /* AppDelegate.swift */,
				3714680C20FDE59D0062DAF6 /* ViewController.swift */,
				3714680E20FDE59D0062DAF6 /* Main.storyboard */,
				3714681120FDE59E0062DAF6 /* Assets.xcassets */,
				3714681320FDE59E0062DAF6 /* LaunchScreen.storyboard */,
				3714681620FDE59E0062DAF6 /* Info.plist */,
			);
			path = "Tipping-App-PushToNext";
			sourceTree = "<group>";
		};
		3714681C20FDEB510062DAF6 /* RaceVC */ = {
			isa = PBXGroup;
			children = (
				3714681D20FDEBF80062DAF6 /* raceDataCell.swift */,
				3714681E20FDEBF80062DAF6 /* raceDataCell.xib */,
				3714682120FDEC280062DAF6 /* raceDataViewController.swift */,
				3714682220FDEC280062DAF6 /* raceDataViewController.xib */,
			);
			path = RaceVC;
			sourceTree = "<group>";
		};
/* End PBXGroup section */

/* Begin PBXNativeTarget section */
		3714680620FDE59D0062DAF6 /* Tipping-App-PushToNext */ = {
			isa = PBXNativeTarget;
			buildConfigurationList = 3714681920FDE59E0062DAF6 /* Build configuration list for PBXNativeTarget "Tipping-App-PushToNext" */;
			buildPhases = (
				3714680320FDE59D0062DAF6 /* Sources */,
				3714680420FDE59D0062DAF6 /* Frameworks */,
				3714680520FDE59D0062DAF6 /* Resources */,
			);
			buildRules = (
			);
			dependencies = (
			);
			name = "Tipping-App-PushToNext";
			productName = "Tipping-App-PushToNext";
			productReference = 3714680720FDE59D0062DAF6 /* Tipping-App-PushToNext.app */;
			productType = "com.apple.product-type.application";
		};
/* End PBXNativeTarget section */

/* Begin PBXProject section */
		371467FF20FDE59D0062DAF6 /* Project object */ = {
			isa = PBXProject;
			attributes = {
				LastSwiftUpdateCheck = 0940;
				LastUpgradeCheck = 0940;
				ORGANIZATIONNAME = "Thomas Lynch";
				TargetAttributes = {
					3714680620FDE59D0062DAF6 = {
						CreatedOnToolsVersion = 9.4.1;
					};
				};
			};
			buildConfigurationList = 3714680220FDE59D0062DAF6 /* Build configuration list for PBXProject "Tipping-App-PushToNext" */;
			compatibilityVersion = "Xcode 9.3";
			developmentRegion = en;
			hasScannedForEncodings = 0;
			knownRegions = (
				en,
				Base,
			);
			mainGroup = 371467FE20FDE59D0062DAF6;
			productRefGroup = 3714680820FDE59D0062DAF6 /* Products */;
			projectDirPath = "";
			projectRoot = "";
			targets = (
				3714680620FDE59D0062DAF6 /* Tipping-App-PushToNext */,
			);
		};
/* End PBXProject section */

/* Begin PBXResourcesBuildPhase section */
		3714680520FDE59D0062DAF6 /* Resources */ = {
			isa = PBXResourcesBuildPhase;
			buildActionMask = 2147483647;
			files = (
				3714681520FDE59E0062DAF6 /* LaunchScreen.storyboard in Resources */,
				3714682420FDEC280062DAF6 /* raceDataViewController.xib in Resources */,
				3714681220FDE59E0062DAF6 /* Assets.xcassets in Resources */,
				3714682020FDEBF80062DAF6 /* raceDataCell.xib in Resources */,
				3714681020FDE59D0062DAF6 /* Main.storyboard in Resources */,
			);
			runOnlyForDeploymentPostprocessing = 0;
		};
/* End PBXResourcesBuildPhase section */

/* Begin PBXSourcesBuildPhase section */
		3714680320FDE59D0062DAF6 /* Sources */ = {
			isa = PBXSourcesBuildPhase;
			buildActionMask = 2147483647;
			files = (
				3714680D20FDE59D0062DAF6 /* ViewController.swift in Sources */,
				3714681F20FDEBF80062DAF6 /* raceDataCell.swift in Sources */,
				3714680B20FDE59D0062DAF6 /* AppDelegate.swift in Sources */,
				3714682320FDEC280062DAF6 /* raceDataViewController.swift in Sources */,
			);
			runOnlyForDeploymentPostprocessing = 0;
		};
/* End PBXSourcesBuildPhase section */

/* Begin PBXVariantGroup section */
		3714680E20FDE59D0062DAF6 /* Main.storyboard */ = {
			isa = PBXVariantGroup;
			children = (
				3714680F20FDE59D0062DAF6 /* Base */,
			);
			name = Main.storyboard;
			sourceTree = "<group>";
		};
		3714681320FDE59E0062DAF6 /* LaunchScreen.storyboard */ = {
			isa = PBXVariantGroup;
			children = (
				3714681420FDE59E0062DAF6 /* Base */,
			);
			name = LaunchScreen.storyboard;
			sourceTree = "<group>";
		};
/* End PBXVariantGroup section */

/* Begin XCBuildConfiguration section */
		3714681720FDE59E0062DAF6 /* Debug */ = {
			isa = XCBuildConfiguration;
			buildSettings = {
				ALWAYS_SEARCH_USER_PATHS = NO;
				CLANG_ANALYZER_NONNULL = YES;
				CLANG_ANALYZER_NUMBER_OBJECT_CONVERSION = YES_AGGRESSIVE;
				CLANG_CXX_LANGUAGE_STANDARD = "gnu++14";
				CLANG_CXX_LIBRARY = "libc++";
				CLANG_ENABLE_MODULES = YES;
				CLANG_ENABLE_OBJC_ARC = YES;
				CLANG_ENABLE_OBJC_WEAK = YES;
				CLANG_WARN_BLOCK_CAPTURE_AUTORELEASING = YES;
				CLANG_WARN_BOOL_CONVERSION = YES;
				CLANG_WARN_COMMA = YES;
				CLANG_WARN_CONSTANT_CONVERSION = YES;
				CLANG_WARN_DEPRECATED_OBJC_IMPLEMENTATIONS = YES;
				CLANG_WARN_DIRECT_OBJC_ISA_USAGE = YES_ERROR;
				CLANG_WARN_DOCUMENTATION_COMMENTS = YES;
				CLANG_WARN_EMPTY_BODY = YES;
				CLANG_WARN_ENUM_CONVERSION = YES;
				CLANG_WARN_INFINITE_RECURSION = YES;
				CLANG_WARN_INT_CONVERSION = YES;
				CLANG_WARN_NON_LITERAL_NULL_CONVERSION = YES;
				CLANG_WARN_OBJC_IMPLICIT_RETAIN_SELF = YES;
				CLANG_WARN_OBJC_LITERAL_CONVERSION = YES;
				CLANG_WARN_OBJC_ROOT_CLASS = YES_ERROR;
				CLANG_WARN_RANGE_LOOP_ANALYSIS = YES;
				CLANG_WARN_STRICT_PROTOTYPES = YES;
				CLANG_WARN_SUSPICIOUS_MOVE = YES;
				CLANG_WARN_UNGUARDED_AVAILABILITY = YES_AGGRESSIVE;
				CLANG_WARN_UNREACHABLE_CODE = YES;
				CLANG_WARN__DUPLICATE_METHOD_MATCH = YES;
				CODE_SIGN_IDENTITY = "iPhone Developer";
				COPY_PHASE_STRIP = NO;
				DEBUG_INFORMATION_FORMAT = dwarf;
				ENABLE_STRICT_OBJC_MSGSEND = YES;
				ENABLE_TESTABILITY = YES;
				GCC_C_LANGUAGE_STANDARD = gnu11;
				GCC_DYNAMIC_NO_PIC = NO;
				GCC_NO_COMMON_BLOCKS = YES;
				GCC_OPTIMIZATION_LEVEL = 0;
				GCC_PREPROCESSOR_DEFINITIONS = (
					"DEBUG=1",
					"$(inherited)",
				);
				GCC_WARN_64_TO_32_BIT_CONVERSION = YES;
				GCC_WARN_ABOUT_RETURN_TYPE = YES_ERROR;
				GCC_WARN_UNDECLARED_SELECTOR = YES;
				GCC_WARN_UNINITIALIZED_AUTOS = YES_AGGRESSIVE;
				GCC_WARN_UNUSED_FUNCTION = YES;
				GCC_WARN_UNUSED_VARIABLE = YES;
				IPHONEOS_DEPLOYMENT_TARGET = 11.4;
				MTL_ENABLE_DEBUG_INFO = YES;
				ONLY_ACTIVE_ARCH = YES;
				SDKROOT = iphoneos;
				SWIFT_ACTIVE_COMPILATION_CONDITIONS = DEBUG;
				SWIFT_OPTIMIZATION_LEVEL = "-Onone";
			};
			name = Debug;
		};
		3714681820FDE59E0062DAF6 /* Release */ = {
			isa = XCBuildConfiguration;
			buildSettings = {
				ALWAYS_SEARCH_USER_PATHS = NO;
				CLANG_ANALYZER_NONNULL = YES;
				CLANG_ANALYZER_NUMBER_OBJECT_CONVERSION = YES_AGGRESSIVE;
				CLANG_CXX_LANGUAGE_STANDARD = "gnu++14";
				CLANG_CXX_LIBRARY = "libc++";
				CLANG_ENABLE_MODULES = YES;
				CLANG_ENABLE_OBJC_ARC = YES;
				CLANG_ENABLE_OBJC_WEAK = YES;
				CLANG_WARN_BLOCK_CAPTURE_AUTORELEASING = YES;
				CLANG_WARN_BOOL_CONVERSION = YES;
				CLANG_WARN_COMMA = YES;
				CLANG_WARN_CONSTANT_CONVERSION = YES;
				CLANG_WARN_DEPRECATED_OBJC_IMPLEMENTATIONS = YES;
				CLANG_WARN_DIRECT_OBJC_ISA_USAGE = YES_ERROR;
				CLANG_WARN_DOCUMENTATION_COMMENTS = YES;
				CLANG_WARN_EMPTY_BODY = YES;
				CLANG_WARN_ENUM_CONVERSION = YES;
				CLANG_WARN_INFINITE_RECURSION = YES;
				CLANG_WARN_INT_CONVERSION = YES;
				CLANG_WARN_NON_LITERAL_NULL_CONVERSION = YES;
				CLANG_WARN_OBJC_IMPLICIT_RETAIN_SELF = YES;
				CLANG_WARN_OBJC_LITERAL_CONVERSION = YES;
				CLANG_WARN_OBJC_ROOT_CLASS = YES_ERROR;
				CLANG_WARN_RANGE_LOOP_ANALYSIS = YES;
				CLANG_WARN_STRICT_PROTOTYPES = YES;
				CLANG_WARN_SUSPICIOUS_MOVE = YES;
				CLANG_WARN_UNGUARDED_AVAILABILITY = YES_AGGRESSIVE;
				CLANG_WARN_UNREACHABLE_CODE = YES;
				CLANG_WARN__DUPLICATE_METHOD_MATCH = YES;
				CODE_SIGN_IDENTITY = "iPhone Developer";
				COPY_PHASE_STRIP = NO;
				DEBUG_INFORMATION_FORMAT = "dwarf-with-dsym";
				ENABLE_NS_ASSERTIONS = NO;
				ENABLE_STRICT_OBJC_MSGSEND = YES;
				GCC_C_LANGUAGE_STANDARD = gnu11;
				GCC_NO_COMMON_BLOCKS = YES;
				GCC_WARN_64_TO_32_BIT_CONVERSION = YES;
				GCC_WARN_ABOUT_RETURN_TYPE = YES_ERROR;
				GCC_WARN_UNDECLARED_SELECTOR = YES;
				GCC_WARN_UNINITIALIZED_AUTOS = YES_AGGRESSIVE;
				GCC_WARN_UNUSED_FUNCTION = YES;
				GCC_WARN_UNUSED_VARIABLE = YES;
				IPHONEOS_DEPLOYMENT_TARGET = 11.4;
				MTL_ENABLE_DEBUG_INFO = NO;
				SDKROOT = iphoneos;
				SWIFT_COMPILATION_MODE = wholemodule;
				SWIFT_OPTIMIZATION_LEVEL = "-O";
				VALIDATE_PRODUCT = YES;
			};
			name = Release;
		};
		3714681A20FDE59E0062DAF6 /* Debug */ = {
			isa = XCBuildConfiguration;
			buildSettings = {
				ASSETCATALOG_COMPILER_APPICON_NAME = AppIcon;
				CODE_SIGN_STYLE = Automatic;
				DEVELOPMENT_TEAM = Z8A396B7Y3;
				INFOPLIST_FILE = "Tipping-App-PushToNext/Info.plist";
				LD_RUNPATH_SEARCH_PATHS = (
					"$(inherited)",
					"@executable_path/Frameworks",
				);
				PRODUCT_BUNDLE_IDENTIFIER = "com.ThomasLynch.Tipping-App-PushToNext";
				PRODUCT_NAME = "$(TARGET_NAME)";
				SWIFT_VERSION = 4.0;
				TARGETED_DEVICE_FAMILY = 1;
			};
			name = Debug;
		};
		3714681B20FDE59E0062DAF6 /* Release */ = {
			isa = XCBuildConfiguration;
			buildSettings = {
				ASSETCATALOG_COMPILER_APPICON_NAME = AppIcon;
				CODE_SIGN_STYLE = Automatic;
				DEVELOPMENT_TEAM = Z8A396B7Y3;
				INFOPLIST_FILE = "Tipping-App-PushToNext/Info.plist";
				LD_RUNPATH_SEARCH_PATHS = (
					"$(inherited)",
					"@executable_path/Frameworks",
				);
				PRODUCT_BUNDLE_IDENTIFIER = "com.ThomasLynch.Tipping-App-PushToNext";
				PRODUCT_NAME = "$(TARGET_NAME)";
				SWIFT_VERSION = 4.0;
				TARGETED_DEVICE_FAMILY = 1;
			};
			name = Release;
		};
/* End XCBuildConfiguration section */

/* Begin XCConfigurationList section */
		3714680220FDE59D0062DAF6 /* Build configuration list for PBXProject "Tipping-App-PushToNext" */ = {
			isa = XCConfigurationList;
			buildConfigurations = (
				3714681720FDE59E0062DAF6 /* Debug */,
				3714681820FDE59E0062DAF6 /* Release */,
			);
			defaultConfigurationIsVisible = 0;
			defaultConfigurationName = Release;
		};
		3714681920FDE59E0062DAF6 /* Build configuration list for PBXNativeTarget "Tipping-App-PushToNext" */ = {
			isa = XCConfigurationList;
			buildConfigurations = (
				3714681A20FDE59E0062DAF6 /* Debug */,
				3714681B20FDE59E0062DAF6 /* Release */,
			);
			defaultConfigurationIsVisible = 0;
			defaultConfigurationName = Release;
		};
/* End XCConfigurationList section */
	};
	rootObject = 371467FF20FDE59D0062DAF6 /* Project object */;
}
