// !$*UTF8*$!
{
	archiveVersion = 1;
	classes = {
	};
	objectVersion = 50;
	objects = {

/* Begin PBXBuildFile section */
		37155E5120FCCFD700EA535B /* AppDelegate.swift in Sources */ = {isa = PBXBuildFile; fileRef = 37155E5020FCCFD700EA535B /* AppDelegate.swift */; };
		37155E5320FCCFD700EA535B /* ViewController.swift in Sources */ = {isa = PBXBuildFile; fileRef = 37155E5220FCCFD700EA535B /* ViewController.swift */; };
		37155E5620FCCFD700EA535B /* Main.storyboard in Resources */ = {isa = PBXBuildFile; fileRef = 37155E5420FCCFD700EA535B /* Main.storyboard */; };
		37155E5820FCCFD800EA535B /* Assets.xcassets in Resources */ = {isa = PBXBuildFile; fileRef = 37155E5720FCCFD800EA535B /* Assets.xcassets */; };
		37155E5B20FCCFD800EA535B /* LaunchScreen.storyboard in Resources */ = {isa = PBXBuildFile; fileRef = 37155E5920FCCFD800EA535B /* LaunchScreen.storyboard */; };
		37155E6720FCD11800EA535B /* Default-568h@2x.png in Resources */ = {isa = PBXBuildFile; fileRef = 37155E6620FCD11800EA535B /* Default-568h@2x.png */; };
/* End PBXBuildFile section */

/* Begin PBXFileReference section */
		37155E4D20FCCFD700EA535B /* Tipping-App.app */ = {isa = PBXFileReference; explicitFileType = wrapper.application; includeInIndex = 0; path = "Tipping-App.app"; sourceTree = BUILT_PRODUCTS_DIR; };
		37155E5020FCCFD700EA535B /* AppDelegate.swift */ = {isa = PBXFileReference; lastKnownFileType = sourcecode.swift; path = AppDelegate.swift; sourceTree = "<group>"; };
		37155E5220FCCFD700EA535B /* ViewController.swift */ = {isa = PBXFileReference; lastKnownFileType = sourcecode.swift; path = ViewController.swift; sourceTree = "<group>"; };
		37155E5520FCCFD700EA535B /* Base */ = {isa = PBXFileReference; lastKnownFileType = file.storyboard; name = Base; path = Base.lproj/Main.storyboard; sourceTree = "<group>"; };
		37155E5720FCCFD800EA535B /* Assets.xcassets */ = {isa = PBXFileReference; lastKnownFileType = folder.assetcatalog; path = Assets.xcassets; sourceTree = "<group>"; };
		37155E5A20FCCFD800EA535B /* Base */ = {isa = PBXFileReference; lastKnownFileType = file.storyboard; name = Base; path = Base.lproj/LaunchScreen.storyboard; sourceTree = "<group>"; };
		37155E5C20FCCFD800EA535B /* Info.plist */ = {isa = PBXFileReference; lastKnownFileType = text.plist.xml; path = Info.plist; sourceTree = "<group>"; };
		37155E6620FCD11800EA535B /* Default-568h@2x.png */ = {isa = PBXFileReference; lastKnownFileType = image.png; path = "Default-568h@2x.png"; sourceTree = "<group>"; };
/* End PBXFileReference section */

/* Begin PBXFrameworksBuildPhase section */
		37155E4A20FCCFD700EA535B /* Frameworks */ = {
			isa = PBXFrameworksBuildPhase;
			buildActionMask = 2147483647;
			files = (
			);
			runOnlyForDeploymentPostprocessing = 0;
		};
/* End PBXFrameworksBuildPhase section */

/* Begin PBXGroup section */
		37155E4420FCCFD700EA535B = {
			isa = PBXGroup;
			children = (
				37155E6620FCD11800EA535B /* Default-568h@2x.png */,
				37155E4F20FCCFD700EA535B /* Tipping-App */,
				37155E4E20FCCFD700EA535B /* Products */,
			);
			sourceTree = "<group>";
		};
		37155E4E20FCCFD700EA535B /* Products */ = {
			isa = PBXGroup;
			children = (
				37155E4D20FCCFD700EA535B /* Tipping-App.app */,
			);
			name = Products;
			sourceTree = "<group>";
		};
		37155E4F20FCCFD700EA535B /* Tipping-App */ = {
			isa = PBXGroup;
			children = (
				37155E6520FCD03300EA535B /* Supporting Files */,
				37155E6420FCD01C00EA535B /* Controller */,
				37155E6320FCD01600EA535B /* Model */,
				37155E6220FCD00800EA535B /* View */,
				37155E5020FCCFD700EA535B /* AppDelegate.swift */,
				37155E5C20FCCFD800EA535B /* Info.plist */,
			);
			path = "Tipping-App";
			sourceTree = "<group>";
		};
		37155E6220FCD00800EA535B /* View */ = {
			isa = PBXGroup;
			children = (
				37155E5420FCCFD700EA535B /* Main.storyboard */,
				37155E5920FCCFD800EA535B /* LaunchScreen.storyboard */,
			);
			path = View;
			sourceTree = "<group>";
		};
		37155E6320FCD01600EA535B /* Model */ = {
			isa = PBXGroup;
			children = (
			);
			path = Model;
			sourceTree = "<group>";
		};
		37155E6420FCD01C00EA535B /* Controller */ = {
			isa = PBXGroup;
			children = (
				37155E5220FCCFD700EA535B /* ViewController.swift */,
			);
			path = Controller;
			sourceTree = "<group>";
		};
		37155E6520FCD03300EA535B /* Supporting Files */ = {
			isa = PBXGroup;
			children = (
				37155E5720FCCFD800EA535B /* Assets.xcassets */,
			);
			path = "Supporting Files";
			sourceTree = "<group>";
		};
/* End PBXGroup section */

/* Begin PBXNativeTarget section */
		37155E4C20FCCFD700EA535B /* Tipping-App */ = {
			isa = PBXNativeTarget;
			buildConfigurationList = 37155E5F20FCCFD800EA535B /* Build configuration list for PBXNativeTarget "Tipping-App" */;
			buildPhases = (
				37155E4920FCCFD700EA535B /* Sources */,
				37155E4A20FCCFD700EA535B /* Frameworks */,
				37155E4B20FCCFD700EA535B /* Resources */,
			);
			buildRules = (
			);
			dependencies = (
			);
			name = "Tipping-App";
			productName = "Tipping-App";
			productReference = 37155E4D20FCCFD700EA535B /* Tipping-App.app */;
			productType = "com.apple.product-type.application";
		};
/* End PBXNativeTarget section */

/* Begin PBXProject section */
		37155E4520FCCFD700EA535B /* Project object */ = {
			isa = PBXProject;
			attributes = {
				LastSwiftUpdateCheck = 0940;
				LastUpgradeCheck = 0940;
				ORGANIZATIONNAME = "Thomas Lynch";
				TargetAttributes = {
					37155E4C20FCCFD700EA535B = {
						CreatedOnToolsVersion = 9.4.1;
					};
				};
			};
			buildConfigurationList = 37155E4820FCCFD700EA535B /* Build configuration list for PBXProject "Tipping-App" */;
			compatibilityVersion = "Xcode 9.3";
			developmentRegion = en;
			hasScannedForEncodings = 0;
			knownRegions = (
				en,
				Base,
			);
			mainGroup = 37155E4420FCCFD700EA535B;
			productRefGroup = 37155E4E20FCCFD700EA535B /* Products */;
			projectDirPath = "";
			projectRoot = "";
			targets = (
				37155E4C20FCCFD700EA535B /* Tipping-App */,
			);
		};
/* End PBXProject section */

/* Begin PBXResourcesBuildPhase section */
		37155E4B20FCCFD700EA535B /* Resources */ = {
			isa = PBXResourcesBuildPhase;
			buildActionMask = 2147483647;
			files = (
				37155E5B20FCCFD800EA535B /* LaunchScreen.storyboard in Resources */,
				37155E6720FCD11800EA535B /* Default-568h@2x.png in Resources */,
				37155E5820FCCFD800EA535B /* Assets.xcassets in Resources */,
				37155E5620FCCFD700EA535B /* Main.storyboard in Resources */,
			);
			runOnlyForDeploymentPostprocessing = 0;
		};
/* End PBXResourcesBuildPhase section */

/* Begin PBXSourcesBuildPhase section */
		37155E4920FCCFD700EA535B /* Sources */ = {
			isa = PBXSourcesBuildPhase;
			buildActionMask = 2147483647;
			files = (
				37155E5320FCCFD700EA535B /* ViewController.swift in Sources */,
				37155E5120FCCFD700EA535B /* AppDelegate.swift in Sources */,
			);
			runOnlyForDeploymentPostprocessing = 0;
		};
/* End PBXSourcesBuildPhase section */

/* Begin PBXVariantGroup section */
		37155E5420FCCFD700EA535B /* Main.storyboard */ = {
			isa = PBXVariantGroup;
			children = (
				37155E5520FCCFD700EA535B /* Base */,
			);
			name = Main.storyboard;
			sourceTree = "<group>";
		};
		37155E5920FCCFD800EA535B /* LaunchScreen.storyboard */ = {
			isa = PBXVariantGroup;
			children = (
				37155E5A20FCCFD800EA535B /* Base */,
			);
			name = LaunchScreen.storyboard;
			sourceTree = "<group>";
		};
/* End PBXVariantGroup section */

/* Begin XCBuildConfiguration section */
		37155E5D20FCCFD800EA535B /* Debug */ = {
			isa = XCBuildConfiguration;
			buildSettings = {
				ALWAYS_SEARCH_USER_PATHS = NO;
				CLANG_ANALYZER_NONNULL = YES;
				CLANG_ANALYZER_NUMBER_OBJECT_CONVERSION = YES_AGGRESSIVE;
				CLANG_CXX_LANGUAGE_STANDARD = "gnu++14";
				CLANG_CXX_LIBRARY = "libc++";
				CLANG_ENABLE_MODULES = YES;
				CLANG_ENABLE_OBJC_ARC = YES;
				CLANG_ENABLE_OBJC_WEAK = YES;
				CLANG_WARN_BLOCK_CAPTURE_AUTORELEASING = YES;
				CLANG_WARN_BOOL_CONVERSION = YES;
				CLANG_WARN_COMMA = YES;
				CLANG_WARN_CONSTANT_CONVERSION = YES;
				CLANG_WARN_DEPRECATED_OBJC_IMPLEMENTATIONS = YES;
				CLANG_WARN_DIRECT_OBJC_ISA_USAGE = YES_ERROR;
				CLANG_WARN_DOCUMENTATION_COMMENTS = YES;
				CLANG_WARN_EMPTY_BODY = YES;
				CLANG_WARN_ENUM_CONVERSION = YES;
				CLANG_WARN_INFINITE_RECURSION = YES;
				CLANG_WARN_INT_CONVERSION = YES;
				CLANG_WARN_NON_LITERAL_NULL_CONVERSION = YES;
				CLANG_WARN_OBJC_IMPLICIT_RETAIN_SELF = YES;
				CLANG_WARN_OBJC_LITERAL_CONVERSION = YES;
				CLANG_WARN_OBJC_ROOT_CLASS = YES_ERROR;
				CLANG_WARN_RANGE_LOOP_ANALYSIS = YES;
				CLANG_WARN_STRICT_PROTOTYPES = YES;
				CLANG_WARN_SUSPICIOUS_MOVE = YES;
				CLANG_WARN_UNGUARDED_AVAILABILITY = YES_AGGRESSIVE;
				CLANG_WARN_UNREACHABLE_CODE = YES;
				CLANG_WARN__DUPLICATE_METHOD_MATCH = YES;
				CODE_SIGN_IDENTITY = "iPhone Developer";
				COPY_PHASE_STRIP = NO;
				DEBUG_INFORMATION_FORMAT = dwarf;
				ENABLE_STRICT_OBJC_MSGSEND = YES;
				ENABLE_TESTABILITY = YES;
				GCC_C_LANGUAGE_STANDARD = gnu11;
				GCC_DYNAMIC_NO_PIC = NO;
				GCC_NO_COMMON_BLOCKS = YES;
				GCC_OPTIMIZATION_LEVEL = 0;
				GCC_PREPROCESSOR_DEFINITIONS = (
					"DEBUG=1",
					"$(inherited)",
				);
				GCC_WARN_64_TO_32_BIT_CONVERSION = YES;
				GCC_WARN_ABOUT_RETURN_TYPE = YES_ERROR;
				GCC_WARN_UNDECLARED_SELECTOR = YES;
				GCC_WARN_UNINITIALIZED_AUTOS = YES_AGGRESSIVE;
				GCC_WARN_UNUSED_FUNCTION = YES;
				GCC_WARN_UNUSED_VARIABLE = YES;
				IPHONEOS_DEPLOYMENT_TARGET = 11.4;
				MTL_ENABLE_DEBUG_INFO = YES;
				ONLY_ACTIVE_ARCH = YES;
				SDKROOT = iphoneos;
				SWIFT_ACTIVE_COMPILATION_CONDITIONS = DEBUG;
				SWIFT_OPTIMIZATION_LEVEL = "-Onone";
			};
			name = Debug;
		};
		37155E5E20FCCFD800EA535B /* Release */ = {
			isa = XCBuildConfiguration;
			buildSettings = {
				ALWAYS_SEARCH_USER_PATHS = NO;
				CLANG_ANALYZER_NONNULL = YES;
				CLANG_ANALYZER_NUMBER_OBJECT_CONVERSION = YES_AGGRESSIVE;
				CLANG_CXX_LANGUAGE_STANDARD = "gnu++14";
				CLANG_CXX_LIBRARY = "libc++";
				CLANG_ENABLE_MODULES = YES;
				CLANG_ENABLE_OBJC_ARC = YES;
				CLANG_ENABLE_OBJC_WEAK = YES;
				CLANG_WARN_BLOCK_CAPTURE_AUTORELEASING = YES;
				CLANG_WARN_BOOL_CONVERSION = YES;
				CLANG_WARN_COMMA = YES;
				CLANG_WARN_CONSTANT_CONVERSION = YES;
				CLANG_WARN_DEPRECATED_OBJC_IMPLEMENTATIONS = YES;
				CLANG_WARN_DIRECT_OBJC_ISA_USAGE = YES_ERROR;
				CLANG_WARN_DOCUMENTATION_COMMENTS = YES;
				CLANG_WARN_EMPTY_BODY = YES;
				CLANG_WARN_ENUM_CONVERSION = YES;
				CLANG_WARN_INFINITE_RECURSION = YES;
				CLANG_WARN_INT_CONVERSION = YES;
				CLANG_WARN_NON_LITERAL_NULL_CONVERSION = YES;
				CLANG_WARN_OBJC_IMPLICIT_RETAIN_SELF = YES;
				CLANG_WARN_OBJC_LITERAL_CONVERSION = YES;
				CLANG_WARN_OBJC_ROOT_CLASS = YES_ERROR;
				CLANG_WARN_RANGE_LOOP_ANALYSIS = YES;
				CLANG_WARN_STRICT_PROTOTYPES = YES;
				CLANG_WARN_SUSPICIOUS_MOVE = YES;
				CLANG_WARN_UNGUARDED_AVAILABILITY = YES_AGGRESSIVE;
				CLANG_WARN_UNREACHABLE_CODE = YES;
				CLANG_WARN__DUPLICATE_METHOD_MATCH = YES;
				CODE_SIGN_IDENTITY = "iPhone Developer";
				COPY_PHASE_STRIP = NO;
				DEBUG_INFORMATION_FORMAT = "dwarf-with-dsym";
				ENABLE_NS_ASSERTIONS = NO;
				ENABLE_STRICT_OBJC_MSGSEND = YES;
				GCC_C_LANGUAGE_STANDARD = gnu11;
				GCC_NO_COMMON_BLOCKS = YES;
				GCC_WARN_64_TO_32_BIT_CONVERSION = YES;
				GCC_WARN_ABOUT_RETURN_TYPE = YES_ERROR;
				GCC_WARN_UNDECLARED_SELECTOR = YES;
				GCC_WARN_UNINITIALIZED_AUTOS = YES_AGGRESSIVE;
				GCC_WARN_UNUSED_FUNCTION = YES;
				GCC_WARN_UNUSED_VARIABLE = YES;
				IPHONEOS_DEPLOYMENT_TARGET = 11.4;
				MTL_ENABLE_DEBUG_INFO = NO;
				SDKROOT = iphoneos;
				SWIFT_COMPILATION_MODE = wholemodule;
				SWIFT_OPTIMIZATION_LEVEL = "-O";
				VALIDATE_PRODUCT = YES;
			};
			name = Release;
		};
		37155E6020FCCFD800EA535B /* Debug */ = {
			isa = XCBuildConfiguration;
			buildSettings = {
				ASSETCATALOG_COMPILER_APPICON_NAME = AppIcon;
				CODE_SIGN_STYLE = Automatic;
				DEVELOPMENT_TEAM = Z8A396B7Y3;
				INFOPLIST_FILE = "Tipping-App/Info.plist";
				LD_RUNPATH_SEARCH_PATHS = (
					"$(inherited)",
					"@executable_path/Frameworks",
				);
				PRODUCT_BUNDLE_IDENTIFIER = "com.ThomasLynch.Tipping-App";
				PRODUCT_NAME = "$(TARGET_NAME)";
				SWIFT_VERSION = 4.0;
				TARGETED_DEVICE_FAMILY = 1;
			};
			name = Debug;
		};
		37155E6120FCCFD800EA535B /* Release */ = {
			isa = XCBuildConfiguration;
			buildSettings = {
				ASSETCATALOG_COMPILER_APPICON_NAME = AppIcon;
				CODE_SIGN_STYLE = Automatic;
				DEVELOPMENT_TEAM = Z8A396B7Y3;
				INFOPLIST_FILE = "Tipping-App/Info.plist";
				LD_RUNPATH_SEARCH_PATHS = (
					"$(inherited)",
					"@executable_path/Frameworks",
				);
				PRODUCT_BUNDLE_IDENTIFIER = "com.ThomasLynch.Tipping-App";
				PRODUCT_NAME = "$(TARGET_NAME)";
				SWIFT_VERSION = 4.0;
				TARGETED_DEVICE_FAMILY = 1;
			};
			name = Release;
		};
/* End XCBuildConfiguration section */

/* Begin XCConfigurationList section */
		37155E4820FCCFD700EA535B /* Build configuration list for PBXProject "Tipping-App" */ = {
			isa = XCConfigurationList;
			buildConfigurations = (
				37155E5D20FCCFD800EA535B /* Debug */,
				37155E5E20FCCFD800EA535B /* Release */,
			);
			defaultConfigurationIsVisible = 0;
			defaultConfigurationName = Release;
		};
		37155E5F20FCCFD800EA535B /* Build configuration list for PBXNativeTarget "Tipping-App" */ = {
			isa = XCConfigurationList;
			buildConfigurations = (
				37155E6020FCCFD800EA535B /* Debug */,
				37155E6120FCCFD800EA535B /* Release */,
			);
			defaultConfigurationIsVisible = 0;
			defaultConfigurationName = Release;
		};
/* End XCConfigurationList section */
	};
	rootObject = 37155E4520FCCFD700EA535B /* Project object */;
}
